
Microsoft Visual Studio Solution File, Format Version 12.00
# Visual Studio Version 17
VisualStudioVersion = 17.9.34902.65
MinimumVisualStudioVersion = 10.0.40219.1
Project("{FAE04EC0-301F-11D3-BF4B-00C04F79EFBC}") = "ClassAssignments_Day1", "ClassAssignments_Day1\ClassAssignments_Day1.csproj", "{503AB61B-0101-4ED9-BFAB-DD6E78BE8278}"
EndProject
Global
	GlobalSection(SolutionConfigurationPlatforms) = preSolution
		Debug|Any CPU = Debug|Any CPU
		Release|Any CPU = Release|Any CPU
	EndGlobalSection
	GlobalSection(ProjectConfigurationPlatforms) = postSolution
		{503AB61B-0101-4ED9-BFAB-DD6E78BE8278}.Debug|Any CPU.ActiveCfg = Debug|Any CPU
		{503AB61B-0101-4ED9-BFAB-DD6E78BE8278}.Debug|Any CPU.Build.0 = Debug|Any CPU
		{503AB61B-0101-4ED9-BFAB-DD6E78BE8278}.Release|Any CPU.ActiveCfg = Release|Any CPU
		{503AB61B-0101-4ED9-BFAB-DD6E78BE8278}.Release|Any CPU.Build.0 = Release|Any CPU
	EndGlobalSection
	GlobalSection(SolutionProperties) = preSolution
		HideSolutionNode = FALSE
	EndGlobalSection
	GlobalSection(ExtensibilityGlobals) = postSolution
		SolutionGuid = {E4485E4F-737F-4609-A88B-4F57C5ED1C24}
	EndGlobalSection
EndGlobal
