
Microsoft Visual Studio Solution File, Format Version 12.00
# Visual Studio Version 17
VisualStudioVersion = 17.9.34902.65
MinimumVisualStudioVersion = 10.0.40219.1
Project("{FAE04EC0-301F-11D3-BF4B-00C04F79EFBC}") = "WebApplication1", "WebApplication1\WebApplication1.csproj", "{15DC6947-E7CA-4270-B7F3-663B10746327}"
EndProject
Global
	GlobalSection(SolutionConfigurationPlatforms) = preSolution
		Debug|Any CPU = Debug|Any CPU
		Release|Any CPU = Release|Any CPU
	EndGlobalSection
	GlobalSection(ProjectConfigurationPlatforms) = postSolution
		{15DC6947-E7CA-4270-B7F3-663B10746327}.Debug|Any CPU.ActiveCfg = Debug|Any CPU
		{15DC6947-E7CA-4270-B7F3-663B10746327}.Debug|Any CPU.Build.0 = Debug|Any CPU
		{15DC6947-E7CA-4270-B7F3-663B10746327}.Release|Any CPU.ActiveCfg = Release|Any CPU
		{15DC6947-E7CA-4270-B7F3-663B10746327}.Release|Any CPU.Build.0 = Release|Any CPU
	EndGlobalSection
	GlobalSection(SolutionProperties) = preSolution
		HideSolutionNode = FALSE
	EndGlobalSection
	GlobalSection(ExtensibilityGlobals) = postSolution
		SolutionGuid = {E54E5308-1069-4A55-9D2B-A442DEB6F5F8}
	EndGlobalSection
EndGlobal
