
Microsoft Visual Studio Solution File, Format Version 12.00
# Visual Studio Version 17
VisualStudioVersion = 17.9.34902.65
MinimumVisualStudioVersion = 10.0.40219.1
Project("{FAE04EC0-301F-11D3-BF4B-00C04F79EFBC}") = "ClassAssignments_Day2", "ClassAssignments_Day2\ClassAssignments_Day2.csproj", "{5A840DDD-DEFC-4255-A4EC-0A47C9C909F9}"
EndProject
Global
	GlobalSection(SolutionConfigurationPlatforms) = preSolution
		Debug|Any CPU = Debug|Any CPU
		Release|Any CPU = Release|Any CPU
	EndGlobalSection
	GlobalSection(ProjectConfigurationPlatforms) = postSolution
		{5A840DDD-DEFC-4255-A4EC-0A47C9C909F9}.Debug|Any CPU.ActiveCfg = Debug|Any CPU
		{5A840DDD-DEFC-4255-A4EC-0A47C9C909F9}.Debug|Any CPU.Build.0 = Debug|Any CPU
		{5A840DDD-DEFC-4255-A4EC-0A47C9C909F9}.Release|Any CPU.ActiveCfg = Release|Any CPU
		{5A840DDD-DEFC-4255-A4EC-0A47C9C909F9}.Release|Any CPU.Build.0 = Release|Any CPU
	EndGlobalSection
	GlobalSection(SolutionProperties) = preSolution
		HideSolutionNode = FALSE
	EndGlobalSection
	GlobalSection(ExtensibilityGlobals) = postSolution
		SolutionGuid = {5B1C4845-49D3-47BA-8710-29BCD01815B5}
	EndGlobalSection
EndGlobal
